<?xml version="1.0" encoding="utf-8"?>
<Project ToolsVersion="4.0" xmlns="http://schemas.microsoft.com/developer/msbuild/2003">
  <ItemGroup>
    <Filter Include="Source Files">
      <UniqueIdentifier>{4FC737F1-C7A5-4376-A066-2A32D752A2FF}</UniqueIdentifier>
      <Extensions>cpp;c;cc;cxx;def;odl;idl;hpj;bat;asm;asmx</Extensions>
    </Filter>
    <Filter Include="Header Files">
      <UniqueIdentifier>{93995380-89BD-4b04-88EB-625FBE52EBFB}</UniqueIdentifier>
      <Extensions>h;hh;hpp;hxx;hm;inl;inc;ipp;xsd</Extensions>
    </Filter>
    <Filter Include="Resource Files">
      <UniqueIdentifier>{67DA6AB6-F800-4c08-8B7A-83BB121AAD01}</UniqueIdentifier>
      <Extensions>rc;ico;cur;bmp;dlg;rc2;rct;bin;rgs;gif;jpg;jpeg;jpe;resx;tiff;tif;png;wav;mfcribbon-ms</Extensions>
    </Filter>
    <Filter Include="Meshers">
      <UniqueIdentifier>{09b91790-fabe-4fb3-b06f-2bce7f281378}</UniqueIdentifier>
    </Filter>
    <Filter Include="Meshers\header">
      <UniqueIdentifier>{7a23281e-91bf-4943-b847-82a062b1382d}</UniqueIdentifier>
    </Filter>
    <Filter Include="Meshers\source">
      <UniqueIdentifier>{dbe38044-7aaf-4b33-8088-cebaadd95250}</UniqueIdentifier>
    </Filter>
    <Filter Include="MeshParts">
      <UniqueIdentifier>{d173761f-d33d-4525-882e-3aa2dbcbcbfd}</UniqueIdentifier>
    </Filter>
    <Filter Include="MeshParts\header">
      <UniqueIdentifier>{102f35f1-4c76-44c5-93e1-65a2366bdaf1}</UniqueIdentifier>
    </Filter>
    <Filter Include="MeshParts\source">
      <UniqueIdentifier>{3e3ea781-cbc4-41d0-8859-29c349ff82fa}</UniqueIdentifier>
    </Filter>
  </ItemGroup>
  <ItemGroup>
    <ClInclude Include="math_utilities.h">
      <Filter>Header Files</Filter>
    </ClInclude>
    <ClInclude Include="ParaMeshGenCommon.h">
      <Filter>Header Files</Filter>
    </ClInclude>
    <ClInclude Include="string_utilities.h">
      <Filter>Header Files</Filter>
    </ClInclude>
    <ClInclude Include="FeaWrite.h">
      <Filter>Header Files</Filter>
    </ClInclude>
    <ClInclude Include="Geometry.h">
      <Filter>Header Files</Filter>
    </ClInclude>
    <ClInclude Include="ArcMesher.h">
      <Filter>Meshers\header</Filter>
    </ClInclude>
    <ClInclude Include="Cone3Dmesher.h">
      <Filter>Meshers\header</Filter>
    </ClInclude>
    <ClInclude Include="ConeMesher.h">
      <Filter>Meshers\header</Filter>
    </ClInclude>
    <ClInclude Include="CuboidMesher.h">
      <Filter>Meshers\header</Filter>
    </ClInclude>
    <ClInclude Include="LineMesher.h">
      <Filter>Meshers\header</Filter>
    </ClInclude>
    <ClInclude Include="Mesher.h">
      <Filter>Meshers\header</Filter>
    </ClInclude>
    <ClInclude Include="PlaneMesher.h">
      <Filter>Meshers\header</Filter>
    </ClInclude>
    <ClInclude Include="DiskMesher.h">
      <Filter>Meshers\header</Filter>
    </ClInclude>
    <ClInclude Include="CylinderMesher.h">
      <Filter>Meshers\header</Filter>
    </ClInclude>
    <ClInclude Include="EllipseMesher.h">
      <Filter>Meshers\header</Filter>
    </ClInclude>
    <ClInclude Include="RecEdgeMesher.h">
      <Filter>Meshers\header</Filter>
    </ClInclude>
    <ClInclude Include="RecToEllipseMesher.h">
      <Filter>Meshers\header</Filter>
    </ClInclude>
    <ClInclude Include="RecToEllipse3Dmesher.h">
      <Filter>Meshers\header</Filter>
    </ClInclude>
    <ClInclude Include="RecTubeMesher.h">
      <Filter>Meshers\header</Filter>
    </ClInclude>
    <ClInclude Include="NodeIterator.h">
      <Filter>Header Files</Filter>
    </ClInclude>
    <ClInclude Include="Extrusion.h">
      <Filter>Header Files</Filter>
    </ClInclude>
    <ClInclude Include="Shapes.h">
      <Filter>Header Files</Filter>
    </ClInclude>
    <ClInclude Include="MeshCsys.h">
      <Filter>Header Files</Filter>
    </ClInclude>
    <ClInclude Include="MeshDensity.h">
      <Filter>Header Files</Filter>
    </ClInclude>
    <ClInclude Include="RefinementCalculations.h">
      <Filter>Header Files</Filter>
    </ClInclude>
    <ClInclude Include="MeshPart.h">
      <Filter>MeshParts\header</Filter>
    </ClInclude>
    <ClInclude Include="MeshPartExtrusion.h">
      <Filter>MeshParts\header</Filter>
    </ClInclude>
    <ClInclude Include="MeshHbeam3D.h">
      <Filter>MeshParts\header</Filter>
    </ClInclude>
    <ClInclude Include="BeamSection.h">
      <Filter>Header Files</Filter>
    </ClInclude>
    <ClInclude Include="QuadStripMesher.h">
      <Filter>Meshers\header</Filter>
    </ClInclude>
    <ClInclude Include="general_utilities.h">
      <Filter>Header Files</Filter>
    </ClInclude>
    <ClInclude Include="QuadStrip3Dmesher.h">
      <Filter>Meshers\header</Filter>
    </ClInclude>
    <ClInclude Include="Path.h">
      <Filter>Header Files</Filter>
    </ClInclude>
    <ClInclude Include="PathMesher.h">
      <Filter>Meshers\header</Filter>
    </ClInclude>
    <ClInclude Include="PathToPathMesher.h">
      <Filter>Meshers\header</Filter>
    </ClInclude>
    <ClInclude Include="PathToPath3Dmesher.h">
      <Filter>Meshers\header</Filter>
    </ClInclude>
    <ClInclude Include="LineStripMesher.h">
      <Filter>Meshers\header</Filter>
    </ClInclude>
  </ItemGroup>
  <ItemGroup>
    <ClCompile Include="FeaWrite.cpp">
      <Filter>Source Files</Filter>
    </ClCompile>
    <ClCompile Include="Geometry.cpp">
      <Filter>Source Files</Filter>
    </ClCompile>
    <ClCompile Include="math_utilities.cpp">
      <Filter>Source Files</Filter>
    </ClCompile>
    <ClCompile Include="ParaMeshGenCommon.cpp">
      <Filter>Source Files</Filter>
    </ClCompile>
    <ClCompile Include="string_utilities.cpp">
      <Filter>Source Files</Filter>
    </ClCompile>
    <ClCompile Include="ArcMesher.cpp">
      <Filter>Meshers\source</Filter>
    </ClCompile>
    <ClCompile Include="Cone3Dmesher.cpp">
      <Filter>Meshers\source</Filter>
    </ClCompile>
    <ClCompile Include="ConeMesher.cpp">
      <Filter>Meshers\source</Filter>
    </ClCompile>
    <ClCompile Include="CuboidMesher.cpp">
      <Filter>Meshers\source</Filter>
    </ClCompile>
    <ClCompile Include="LineMesher.cpp">
      <Filter>Meshers\source</Filter>
    </ClCompile>
    <ClCompile Include="Mesher.cpp">
      <Filter>Meshers\source</Filter>
    </ClCompile>
    <ClCompile Include="PlaneMesher.cpp">
      <Filter>Meshers\source</Filter>
    </ClCompile>
    <ClCompile Include="DiskMesher.cpp">
      <Filter>Meshers\source</Filter>
    </ClCompile>
    <ClCompile Include="CylinderMesher.cpp">
      <Filter>Meshers\source</Filter>
    </ClCompile>
    <ClCompile Include="EllipseMesher.cpp">
      <Filter>Meshers\source</Filter>
    </ClCompile>
    <ClCompile Include="RecToEllipseMesher.cpp">
      <Filter>Meshers\source</Filter>
    </ClCompile>
    <ClCompile Include="RecToEllipse3Dmesher.cpp">
      <Filter>Meshers\source</Filter>
    </ClCompile>
    <ClCompile Include="RecEdgeMesher.cpp">
      <Filter>Meshers\source</Filter>
    </ClCompile>
    <ClCompile Include="RecTubeMesher.cpp">
      <Filter>Meshers\source</Filter>
    </ClCompile>
    <ClCompile Include="NodeIterator.cpp">
      <Filter>Source Files</Filter>
    </ClCompile>
    <ClCompile Include="Extrusion.cpp">
      <Filter>Source Files</Filter>
    </ClCompile>
    <ClCompile Include="MeshDensity.cpp">
      <Filter>Source Files</Filter>
    </ClCompile>
    <ClCompile Include="Shapes.cpp">
      <Filter>Source Files</Filter>
    </ClCompile>
    <ClCompile Include="MeshCsys.cpp">
      <Filter>Source Files</Filter>
    </ClCompile>
    <ClCompile Include="RefinementCalculations.cpp">
      <Filter>Source Files</Filter>
    </ClCompile>
    <ClCompile Include="MeshPart.cpp">
      <Filter>MeshParts\source</Filter>
    </ClCompile>
    <ClCompile Include="MeshPartExtrusion.cpp">
      <Filter>MeshParts\source</Filter>
    </ClCompile>
    <ClCompile Include="MeshHbeam3D.cpp">
      <Filter>MeshParts\source</Filter>
    </ClCompile>
    <ClCompile Include="BeamSection.cpp">
      <Filter>Source Files</Filter>
    </ClCompile>
    <ClCompile Include="QuadStripMesher.cpp">
      <Filter>Meshers\source</Filter>
    </ClCompile>
    <ClCompile Include="general_utilities.cpp">
      <Filter>Source Files</Filter>
    </ClCompile>
    <ClCompile Include="QuadStrip3Dmesher.cpp">
      <Filter>Meshers\source</Filter>
    </ClCompile>
    <ClCompile Include="Path.cpp">
      <Filter>Source Files</Filter>
    </ClCompile>
    <ClCompile Include="PathMesher.cpp">
      <Filter>Meshers\source</Filter>
    </ClCompile>
    <ClCompile Include="PathToPathMesher.cpp">
      <Filter>Meshers\source</Filter>
    </ClCompile>
    <ClCompile Include="PathToPath3Dmesher.cpp">
      <Filter>Meshers\source</Filter>
    </ClCompile>
    <ClCompile Include="LineStripMesher.cpp">
      <Filter>Meshers\source</Filter>
    </ClCompile>
  </ItemGroup>
</Project>